
Microsoft Visual Studio Solution File, Format Version 12.00
# Visual Studio 15
VisualStudioVersion = 15.0.27130.2010
MinimumVisualStudioVersion = 10.0.40219.1
Project("{FAE04EC0-301F-11D3-BF4B-00C04F79EFBC}") = "sbigcon05", "sbigcon05\sbigcon05.csproj", "{F88E3C55-7F90-4D88-A632-8D9746A91110}"
EndProject
Global
	GlobalSection(SolutionConfigurationPlatforms) = preSolution
		Debug|Any CPU = Debug|Any CPU
		Release|Any CPU = Release|Any CPU
	EndGlobalSection
	GlobalSection(ProjectConfigurationPlatforms) = postSolution
		{F88E3C55-7F90-4D88-A632-8D9746A91110}.Debug|Any CPU.ActiveCfg = Debug|Any CPU
		{F88E3C55-7F90-4D88-A632-8D9746A91110}.Debug|Any CPU.Build.0 = Debug|Any CPU
		{F88E3C55-7F90-4D88-A632-8D9746A91110}.Release|Any CPU.ActiveCfg = Release|Any CPU
		{F88E3C55-7F90-4D88-A632-8D9746A91110}.Release|Any CPU.Build.0 = Release|Any CPU
	EndGlobalSection
	GlobalSection(SolutionProperties) = preSolution
		HideSolutionNode = FALSE
	EndGlobalSection
	GlobalSection(ExtensibilityGlobals) = postSolution
		SolutionGuid = {B15B617F-AF7C-414C-9B2D-42C3FD9C6A2D}
	EndGlobalSection
EndGlobal
